
Microsoft Visual Studio Solution File, Format Version 12.00
# Visual Studio 15
VisualStudioVersion = 15.0.28010.2041
MinimumVisualStudioVersion = 10.0.40219.1
Project("{9A19103F-16F7-4668-BE54-9A1E7A4F7556}") = "TfsStates", "TfsStates\TfsStates.csproj", "{91F487EC-C8BD-427B-A996-54F84E347F8B}"
EndProject
Project("{FAE04EC0-301F-11D3-BF4B-00C04F79EFBC}") = "CsvHelper.Excel", "CsvHelper.Excel\CsvHelper.Excel.csproj", "{28198E3F-2479-48BE-9023-1F95C6678EA5}"
EndProject
Global
	GlobalSection(SolutionConfigurationPlatforms) = preSolution
		Debug|Any CPU = Debug|Any CPU
		Release|Any CPU = Release|Any CPU
	EndGlobalSection
	GlobalSection(ProjectConfigurationPlatforms) = postSolution
		{91F487EC-C8BD-427B-A996-54F84E347F8B}.Debug|Any CPU.ActiveCfg = Debug|Any CPU
		{91F487EC-C8BD-427B-A996-54F84E347F8B}.Debug|Any CPU.Build.0 = Debug|Any CPU
		{91F487EC-C8BD-427B-A996-54F84E347F8B}.Release|Any CPU.ActiveCfg = Release|Any CPU
		{91F487EC-C8BD-427B-A996-54F84E347F8B}.Release|Any CPU.Build.0 = Release|Any CPU
		{28198E3F-2479-48BE-9023-1F95C6678EA5}.Debug|Any CPU.ActiveCfg = Debug|Any CPU
		{28198E3F-2479-48BE-9023-1F95C6678EA5}.Debug|Any CPU.Build.0 = Debug|Any CPU
		{28198E3F-2479-48BE-9023-1F95C6678EA5}.Release|Any CPU.ActiveCfg = Release|Any CPU
		{28198E3F-2479-48BE-9023-1F95C6678EA5}.Release|Any CPU.Build.0 = Release|Any CPU
	EndGlobalSection
	GlobalSection(SolutionProperties) = preSolution
		HideSolutionNode = FALSE
	EndGlobalSection
	GlobalSection(ExtensibilityGlobals) = postSolution
		SolutionGuid = {056D5F54-B781-4B38-A70A-FB3400D8C82A}
	EndGlobalSection
EndGlobal
